
Microsoft Visual Studio Solution File, Format Version 12.00
# Visual Studio Version 16
VisualStudioVersion = 16.0.29613.14
MinimumVisualStudioVersion = 10.0.40219.1
Project("{FAE04EC0-301F-11D3-BF4B-00C04F79EFBC}") = "NextGenLauncher", "NextGenLauncher\NextGenLauncher.csproj", "{A4FA3069-2CA7-43AA-B277-15E12B721C60}"
EndProject
Global
	GlobalSection(SolutionConfigurationPlatforms) = preSolution
		Debug|Any CPU = Debug|Any CPU
		Release|Any CPU = Release|Any CPU
	EndGlobalSection
	GlobalSection(ProjectConfigurationPlatforms) = postSolution
		{A4FA3069-2CA7-43AA-B277-15E12B721C60}.Debug|Any CPU.ActiveCfg = Debug|Any CPU
		{A4FA3069-2CA7-43AA-B277-15E12B721C60}.Debug|Any CPU.Build.0 = Debug|Any CPU
		{A4FA3069-2CA7-43AA-B277-15E12B721C60}.Release|Any CPU.ActiveCfg = Release|Any CPU
		{A4FA3069-2CA7-43AA-B277-15E12B721C60}.Release|Any CPU.Build.0 = Release|Any CPU
	EndGlobalSection
	GlobalSection(SolutionProperties) = preSolution
		HideSolutionNode = FALSE
	EndGlobalSection
	GlobalSection(ExtensibilityGlobals) = postSolution
		SolutionGuid = {B2D420E0-4DD9-43BB-8BF5-8C9888A404B6}
	EndGlobalSection
EndGlobal
